
Microsoft Visual Studio Solution File, Format Version 12.00
# Visual Studio Version 17
VisualStudioVersion = 17.0.31903.59

Project("{FAE04EC0-301F-11D3-BF4B-00C04F79EFBC}") = "NLW.Api", "src\NLW.Api\NLW.Api.csproj", "{A1B2C3D4-E5F6-7890-ABCD-EF1234567801}"
EndProject
Project("{FAE04EC0-301F-11D3-BF4B-00C04F79EFBC}") = "NLW.Application", "src\NLW.Application\NLW.Application.csproj", "{A1B2C3D4-E5F6-7890-ABCD-EF1234567802}"
EndProject
Project("{FAE04EC0-301F-11D3-BF4B-00C04F79EFBC}") = "NLW.Domain", "src\NLW.Domain\NLW.Domain.csproj", "{A1B2C3D4-E5F6-7890-ABCD-EF1234567803}"
EndProject
Project("{FAE04EC0-301F-11D3-BF4B-00C04F79EFBC}") = "NLW.Infrastructure", "src\NLW.Infrastructure\NLW.Infrastructure.csproj", "{A1B2C3D4-E5F6-7890-ABCD-EF1234567804}"
EndProject
Project("{FAE04EC0-301F-11D3-BF4B-00C04F79EFBC}") = "NLW.Shared", "src\NLW.Shared\NLW.Shared.csproj", "{A1B2C3D4-E5F6-7890-ABCD-EF1234567805}"
EndProject
Project("{FAE04EC0-301F-11D3-BF4B-00C04F79EFBC}") = "NLW.Application.Tests", "tests\NLW.Application.Tests\NLW.Application.Tests.csproj", "{A1B2C3D4-E5F6-7890-ABCD-EF1234567806}"
EndProject
Project("{FAE04EC0-301F-11D3-BF4B-00C04F79EFBC}") = "NLW.Api.Tests", "tests\NLW.Api.Tests\NLW.Api.Tests.csproj", "{A1B2C3D4-E5F6-7890-ABCD-EF1234567807}"
EndProject

Global
    GlobalSection(SolutionConfigurationPlatforms) = preSolution
        Debug|Any CPU = Debug|Any CPU
        Release|Any CPU = Release|Any CPU
    EndGlobalSection
    GlobalSection(ProjectConfigurationPlatforms) = postSolution
        {A1B2C3D4-E5F6-7890-ABCD-EF1234567801}.Debug|Any CPU.ActiveCfg = Debug|Any CPU
        {A1B2C3D4-E5F6-7890-ABCD-EF1234567801}.Release|Any CPU.ActiveCfg = Release|Any CPU
        {A1B2C3D4-E5F6-7890-ABCD-EF1234567802}.Debug|Any CPU.ActiveCfg = Debug|Any CPU
        {A1B2C3D4-E5F6-7890-ABCD-EF1234567802}.Release|Any CPU.ActiveCfg = Release|Any CPU
        {A1B2C3D4-E5F6-7890-ABCD-EF1234567803}.Debug|Any CPU.ActiveCfg = Debug|Any CPU
        {A1B2C3D4-E5F6-7890-ABCD-EF1234567803}.Release|Any CPU.ActiveCfg = Release|Any CPU
        {A1B2C3D4-E5F6-7890-ABCD-EF1234567804}.Debug|Any CPU.ActiveCfg = Debug|Any CPU
        {A1B2C3D4-E5F6-7890-ABCD-EF1234567804}.Release|Any CPU.ActiveCfg = Release|Any CPU
        {A1B2C3D4-E5F6-7890-ABCD-EF1234567805}.Debug|Any CPU.ActiveCfg = Debug|Any CPU
        {A1B2C3D4-E5F6-7890-ABCD-EF1234567805}.Release|Any CPU.ActiveCfg = Release|Any CPU
        {A1B2C3D4-E5F6-7890-ABCD-EF1234567806}.Debug|Any CPU.ActiveCfg = Debug|Any CPU
        {A1B2C3D4-E5F6-7890-ABCD-EF1234567806}.Release|Any CPU.ActiveCfg = Release|Any CPU
        {A1B2C3D4-E5F6-7890-ABCD-EF1234567807}.Debug|Any CPU.ActiveCfg = Debug|Any CPU
        {A1B2C3D4-E5F6-7890-ABCD-EF1234567807}.Release|Any CPU.ActiveCfg = Release|Any CPU
    EndGlobalSection
EndGlobal
